
Microsoft Visual Studio Solution File, Format Version 12.00
# Visual Studio Version 17
VisualStudioVersion = 17.9.34723.18
MinimumVisualStudioVersion = 10.0.40219.1
Project("{9A19103F-16F7-4668-BE54-9A1E7A4F7556}") = "FoodApp", "FoodApp\FoodApp.csproj", "{6EBE9ECF-0CBB-421B-8412-A7E2A3FDC5B4}"
EndProject
Project("{2150E333-8FDC-42A3-9474-1A3956D46DE8}") = "Solution Items", "Solution Items", "{FFDDE0AE-E25C-4FEF-BD62-2154994AFD9D}"
	ProjectSection(SolutionItems) = preProject
		.editorconfig = .editorconfig
	EndProjectSection
EndProject
Global
	GlobalSection(SolutionConfigurationPlatforms) = preSolution
		Debug|Any CPU = Debug|Any CPU
		Release|Any CPU = Release|Any CPU
	EndGlobalSection
	GlobalSection(ProjectConfigurationPlatforms) = postSolution
		{6EBE9ECF-0CBB-421B-8412-A7E2A3FDC5B4}.Debug|Any CPU.ActiveCfg = Debug|Any CPU
		{6EBE9ECF-0CBB-421B-8412-A7E2A3FDC5B4}.Debug|Any CPU.Build.0 = Debug|Any CPU
		{6EBE9ECF-0CBB-421B-8412-A7E2A3FDC5B4}.Debug|Any CPU.Deploy.0 = Debug|Any CPU
		{6EBE9ECF-0CBB-421B-8412-A7E2A3FDC5B4}.Release|Any CPU.ActiveCfg = Release|Any CPU
		{6EBE9ECF-0CBB-421B-8412-A7E2A3FDC5B4}.Release|Any CPU.Build.0 = Release|Any CPU
		{6EBE9ECF-0CBB-421B-8412-A7E2A3FDC5B4}.Release|Any CPU.Deploy.0 = Release|Any CPU
	EndGlobalSection
	GlobalSection(SolutionProperties) = preSolution
		HideSolutionNode = FALSE
	EndGlobalSection
	GlobalSection(ExtensibilityGlobals) = postSolution
		SolutionGuid = {DCCDBCB3-980C-413C-A399-592EF871D6B7}
	EndGlobalSection
EndGlobal
